// !$*UTF8*$!
{
	archiveVersion = 1;
	classes = {
	};
	objectVersion = 56;
	objects = {

/* Begin PBXBuildFile section */
		3CB3A8AD7894C16236B8B584 /* Pods_Flix_Part_1Tests.framework in Frameworks */ = {isa = PBXBuildFile; fileRef = ADBCC55AE1E20455DBB8DC4C /* Pods_Flix_Part_1Tests.framework */; };
		3DCE1AB3A97C7CAE806B14D9 /* Pods_Flix_Part_1_Flix_Part_1UITests.framework in Frameworks */ = {isa = PBXBuildFile; fileRef = 0EBAE9D43DD5F1BF179E8460 /* Pods_Flix_Part_1_Flix_Part_1UITests.framework */; };
		862F49EA28D16C1B002D9CA2 /* MovieDetailsViewController.swift in Sources */ = {isa = PBXBuildFile; fileRef = 862F49E928D16C1B002D9CA2 /* MovieDetailsViewController.swift */; };
		8670E75E28C717C4009708B1 /* MovieCell.swift in Sources */ = {isa = PBXBuildFile; fileRef = 8670E75D28C717C4009708B1 /* MovieCell.swift */; };
		8670E76128C71F28009708B1 /* AlamofireImage in Frameworks */ = {isa = PBXBuildFile; productRef = 8670E76028C71F28009708B1 /* AlamofireImage */; };
		867E279728C67A3F00EB72F4 /* AppDelegate.swift in Sources */ = {isa = PBXBuildFile; fileRef = 867E279628C67A3F00EB72F4 /* AppDelegate.swift */; };
		867E279928C67A3F00EB72F4 /* SceneDelegate.swift in Sources */ = {isa = PBXBuildFile; fileRef = 867E279828C67A3F00EB72F4 /* SceneDelegate.swift */; };
		867E279B28C67A3F00EB72F4 /* MoviesViewController.swift in Sources */ = {isa = PBXBuildFile; fileRef = 867E279A28C67A3F00EB72F4 /* MoviesViewController.swift */; };
		867E279E28C67A3F00EB72F4 /* Main.storyboard in Resources */ = {isa = PBXBuildFile; fileRef = 867E279C28C67A3F00EB72F4 /* Main.storyboard */; };
		867E27A028C67A4000EB72F4 /* Assets.xcassets in Resources */ = {isa = PBXBuildFile; fileRef = 867E279F28C67A4000EB72F4 /* Assets.xcassets */; };
		867E27A328C67A4000EB72F4 /* LaunchScreen.storyboard in Resources */ = {isa = PBXBuildFile; fileRef = 867E27A128C67A4000EB72F4 /* LaunchScreen.storyboard */; };
		867E27AE28C67A4100EB72F4 /* Flix_Part_1Tests.swift in Sources */ = {isa = PBXBuildFile; fileRef = 867E27AD28C67A4100EB72F4 /* Flix_Part_1Tests.swift */; };
		867E27B828C67A4100EB72F4 /* Flix_Part_1UITests.swift in Sources */ = {isa = PBXBuildFile; fileRef = 867E27B728C67A4100EB72F4 /* Flix_Part_1UITests.swift */; };
		867E27BA28C67A4100EB72F4 /* Flix_Part_1UITestsLaunchTests.swift in Sources */ = {isa = PBXBuildFile; fileRef = 867E27B928C67A4100EB72F4 /* Flix_Part_1UITestsLaunchTests.swift */; };
		86839CA528D33E4000613BF4 /* ClassicsDetailsViewController.swift in Sources */ = {isa = PBXBuildFile; fileRef = 86839CA428D33E4000613BF4 /* ClassicsDetailsViewController.swift */; };
		86839CAB28D347F800613BF4 /* ClassicsTrailerView.swift in Sources */ = {isa = PBXBuildFile; fileRef = 86839CAA28D347F800613BF4 /* ClassicsTrailerView.swift */; };
		86839CAD28D3487800613BF4 /* MovieTrailerView.swift in Sources */ = {isa = PBXBuildFile; fileRef = 86839CAC28D3487800613BF4 /* MovieTrailerView.swift */; };
		86DEF7CB28D179E000AD3F84 /* MovieGridViewController.swift in Sources */ = {isa = PBXBuildFile; fileRef = 86DEF7CA28D179E000AD3F84 /* MovieGridViewController.swift */; };
		86DEF7CF28D184FB00AD3F84 /* MovieGridCell.swift in Sources */ = {isa = PBXBuildFile; fileRef = 86DEF7CE28D184FB00AD3F84 /* MovieGridCell.swift */; };
		960F4ED3AF2F0568CFA9BDC5 /* Pods_Flix_Part_1.framework in Frameworks */ = {isa = PBXBuildFile; fileRef = 2560D91F71EA2F55E5305653 /* Pods_Flix_Part_1.framework */; };
/* End PBXBuildFile section */

/* Begin PBXContainerItemProxy section */
		867E27AA28C67A4100EB72F4 /* PBXContainerItemProxy */ = {
			isa = PBXContainerItemProxy;
			containerPortal = 867E278B28C67A3F00EB72F4 /* Project object */;
			proxyType = 1;
			remoteGlobalIDString = 867E279228C67A3F00EB72F4;
			remoteInfo = "Flix Part 1";
		};
		867E27B428C67A4100EB72F4 /* PBXContainerItemProxy */ = {
			isa = PBXContainerItemProxy;
			containerPortal = 867E278B28C67A3F00EB72F4 /* Project object */;
			proxyType = 1;
			remoteGlobalIDString = 867E279228C67A3F00EB72F4;
			remoteInfo = "Flix Part 1";
		};
/* End PBXContainerItemProxy section */

/* Begin PBXFileReference section */
		0EBAE9D43DD5F1BF179E8460 /* Pods_Flix_Part_1_Flix_Part_1UITests.framework */ = {isa = PBXFileReference; explicitFileType = wrapper.framework; includeInIndex = 0; path = Pods_Flix_Part_1_Flix_Part_1UITests.framework; sourceTree = BUILT_PRODUCTS_DIR; };
		2560D91F71EA2F55E5305653 /* Pods_Flix_Part_1.framework */ = {isa = PBXFileReference; explicitFileType = wrapper.framework; includeInIndex = 0; path = Pods_Flix_Part_1.framework; sourceTree = BUILT_PRODUCTS_DIR; };
		2A987457A44ABADFBD2DF4C0 /* Pods-Flix Part 1.release.xcconfig */ = {isa = PBXFileReference; includeInIndex = 1; lastKnownFileType = text.xcconfig; name = "Pods-Flix Part 1.release.xcconfig"; path = "Target Support Files/Pods-Flix Part 1/Pods-Flix Part 1.release.xcconfig"; sourceTree = "<group>"; };
		7D3815AC1BCF18A2F6EB1FA3 /* Pods-Flix Part 1Tests.debug.xcconfig */ = {isa = PBXFileReference; includeInIndex = 1; lastKnownFileType = text.xcconfig; name = "Pods-Flix Part 1Tests.debug.xcconfig"; path = "Target Support Files/Pods-Flix Part 1Tests/Pods-Flix Part 1Tests.debug.xcconfig"; sourceTree = "<group>"; };
		862F49E928D16C1B002D9CA2 /* MovieDetailsViewController.swift */ = {isa = PBXFileReference; lastKnownFileType = sourcecode.swift; path = MovieDetailsViewController.swift; sourceTree = "<group>"; };
		8670E75D28C717C4009708B1 /* MovieCell.swift */ = {isa = PBXFileReference; lastKnownFileType = sourcecode.swift; path = MovieCell.swift; sourceTree = "<group>"; };
		867E279328C67A3F00EB72F4 /* Flix Part 1.app */ = {isa = PBXFileReference; explicitFileType = wrapper.application; includeInIndex = 0; path = "Flix Part 1.app"; sourceTree = BUILT_PRODUCTS_DIR; };
		867E279628C67A3F00EB72F4 /* AppDelegate.swift */ = {isa = PBXFileReference; lastKnownFileType = sourcecode.swift; path = AppDelegate.swift; sourceTree = "<group>"; };
		867E279828C67A3F00EB72F4 /* SceneDelegate.swift */ = {isa = PBXFileReference; lastKnownFileType = sourcecode.swift; path = SceneDelegate.swift; sourceTree = "<group>"; };
		867E279A28C67A3F00EB72F4 /* MoviesViewController.swift */ = {isa = PBXFileReference; lastKnownFileType = sourcecode.swift; path = MoviesViewController.swift; sourceTree = "<group>"; };
		867E279D28C67A3F00EB72F4 /* Base */ = {isa = PBXFileReference; lastKnownFileType = file.storyboard; name = Base; path = Base.lproj/Main.storyboard; sourceTree = "<group>"; };
		867E279F28C67A4000EB72F4 /* Assets.xcassets */ = {isa = PBXFileReference; lastKnownFileType = folder.assetcatalog; path = Assets.xcassets; sourceTree = "<group>"; };
		867E27A228C67A4000EB72F4 /* Base */ = {isa = PBXFileReference; lastKnownFileType = file.storyboard; name = Base; path = Base.lproj/LaunchScreen.storyboard; sourceTree = "<group>"; };
		867E27A428C67A4000EB72F4 /* Info.plist */ = {isa = PBXFileReference; lastKnownFileType = text.plist.xml; path = Info.plist; sourceTree = "<group>"; };
		867E27A928C67A4100EB72F4 /* Flix Part 1Tests.xctest */ = {isa = PBXFileReference; explicitFileType = wrapper.cfbundle; includeInIndex = 0; path = "Flix Part 1Tests.xctest"; sourceTree = BUILT_PRODUCTS_DIR; };
		867E27AD28C67A4100EB72F4 /* Flix_Part_1Tests.swift */ = {isa = PBXFileReference; lastKnownFileType = sourcecode.swift; path = Flix_Part_1Tests.swift; sourceTree = "<group>"; };
		867E27B328C67A4100EB72F4 /* Flix Part 1UITests.xctest */ = {isa = PBXFileReference; explicitFileType = wrapper.cfbundle; includeInIndex = 0; path = "Flix Part 1UITests.xctest"; sourceTree = BUILT_PRODUCTS_DIR; };
		867E27B728C67A4100EB72F4 /* Flix_Part_1UITests.swift */ = {isa = PBXFileReference; lastKnownFileType = sourcecode.swift; path = Flix_Part_1UITests.swift; sourceTree = "<group>"; };
		867E27B928C67A4100EB72F4 /* Flix_Part_1UITestsLaunchTests.swift */ = {isa = PBXFileReference; lastKnownFileType = sourcecode.swift; path = Flix_Part_1UITestsLaunchTests.swift; sourceTree = "<group>"; };
		86839CA428D33E4000613BF4 /* ClassicsDetailsViewController.swift */ = {isa = PBXFileReference; lastKnownFileType = sourcecode.swift; path = ClassicsDetailsViewController.swift; sourceTree = "<group>"; };
		86839CAA28D347F800613BF4 /* ClassicsTrailerView.swift */ = {isa = PBXFileReference; lastKnownFileType = sourcecode.swift; path = ClassicsTrailerView.swift; sourceTree = "<group>"; };
		86839CAC28D3487800613BF4 /* MovieTrailerView.swift */ = {isa = PBXFileReference; lastKnownFileType = sourcecode.swift; path = MovieTrailerView.swift; sourceTree = "<group>"; };
		86DEF7CA28D179E000AD3F84 /* MovieGridViewController.swift */ = {isa = PBXFileReference; lastKnownFileType = sourcecode.swift; path = MovieGridViewController.swift; sourceTree = "<group>"; };
		86DEF7CE28D184FB00AD3F84 /* MovieGridCell.swift */ = {isa = PBXFileReference; lastKnownFileType = sourcecode.swift; path = MovieGridCell.swift; sourceTree = "<group>"; };
		ADBCC55AE1E20455DBB8DC4C /* Pods_Flix_Part_1Tests.framework */ = {isa = PBXFileReference; explicitFileType = wrapper.framework; includeInIndex = 0; path = Pods_Flix_Part_1Tests.framework; sourceTree = BUILT_PRODUCTS_DIR; };
		BB57093D5051CEFB2799C7FB /* Pods-Flix Part 1.debug.xcconfig */ = {isa = PBXFileReference; includeInIndex = 1; lastKnownFileType = text.xcconfig; name = "Pods-Flix Part 1.debug.xcconfig"; path = "Target Support Files/Pods-Flix Part 1/Pods-Flix Part 1.debug.xcconfig"; sourceTree = "<group>"; };
		D5DABBE76BAECDDBDCB433B5 /* Pods-Flix Part 1-Flix Part 1UITests.debug.xcconfig */ = {isa = PBXFileReference; includeInIndex = 1; lastKnownFileType = text.xcconfig; name = "Pods-Flix Part 1-Flix Part 1UITests.debug.xcconfig"; path = "Target Support Files/Pods-Flix Part 1-Flix Part 1UITests/Pods-Flix Part 1-Flix Part 1UITests.debug.xcconfig"; sourceTree = "<group>"; };
		DC4735BB9CAB8C7DEE946878 /* Pods-Flix Part 1-Flix Part 1UITests.release.xcconfig */ = {isa = PBXFileReference; includeInIndex = 1; lastKnownFileType = text.xcconfig; name = "Pods-Flix Part 1-Flix Part 1UITests.release.xcconfig"; path = "Target Support Files/Pods-Flix Part 1-Flix Part 1UITests/Pods-Flix Part 1-Flix Part 1UITests.release.xcconfig"; sourceTree = "<group>"; };
		DD9DF20FFD72DCE2FB6CDE93 /* Pods-Flix Part 1Tests.release.xcconfig */ = {isa = PBXFileReference; includeInIndex = 1; lastKnownFileType = text.xcconfig; name = "Pods-Flix Part 1Tests.release.xcconfig"; path = "Target Support Files/Pods-Flix Part 1Tests/Pods-Flix Part 1Tests.release.xcconfig"; sourceTree = "<group>"; };
/* End PBXFileReference section */

/* Begin PBXFrameworksBuildPhase section */
		867E279028C67A3F00EB72F4 /* Frameworks */ = {
			isa = PBXFrameworksBuildPhase;
			buildActionMask = 2147483647;
			files = (
				8670E76128C71F28009708B1 /* AlamofireImage in Frameworks */,
				960F4ED3AF2F0568CFA9BDC5 /* Pods_Flix_Part_1.framework in Frameworks */,
			);
			runOnlyForDeploymentPostprocessing = 0;
		};
		867E27A628C67A4100EB72F4 /* Frameworks */ = {
			isa = PBXFrameworksBuildPhase;
			buildActionMask = 2147483647;
			files = (
				3CB3A8AD7894C16236B8B584 /* Pods_Flix_Part_1Tests.framework in Frameworks */,
			);
			runOnlyForDeploymentPostprocessing = 0;
		};
		867E27B028C67A4100EB72F4 /* Frameworks */ = {
			isa = PBXFrameworksBuildPhase;
			buildActionMask = 2147483647;
			files = (
				3DCE1AB3A97C7CAE806B14D9 /* Pods_Flix_Part_1_Flix_Part_1UITests.framework in Frameworks */,
			);
			runOnlyForDeploymentPostprocessing = 0;
		};
/* End PBXFrameworksBuildPhase section */

/* Begin PBXGroup section */
		4042A4906162CDDD804D7FD6 /* Frameworks */ = {
			isa = PBXGroup;
			children = (
				2560D91F71EA2F55E5305653 /* Pods_Flix_Part_1.framework */,
				0EBAE9D43DD5F1BF179E8460 /* Pods_Flix_Part_1_Flix_Part_1UITests.framework */,
				ADBCC55AE1E20455DBB8DC4C /* Pods_Flix_Part_1Tests.framework */,
			);
			name = Frameworks;
			sourceTree = "<group>";
		};
		867E278A28C67A3F00EB72F4 = {
			isa = PBXGroup;
			children = (
				867E279528C67A3F00EB72F4 /* Flix Part 1 */,
				867E27AC28C67A4100EB72F4 /* Flix Part 1Tests */,
				867E27B628C67A4100EB72F4 /* Flix Part 1UITests */,
				867E279428C67A3F00EB72F4 /* Products */,
				B22354E4996F485B78626AF3 /* Pods */,
				4042A4906162CDDD804D7FD6 /* Frameworks */,
			);
			sourceTree = "<group>";
		};
		867E279428C67A3F00EB72F4 /* Products */ = {
			isa = PBXGroup;
			children = (
				867E279328C67A3F00EB72F4 /* Flix Part 1.app */,
				867E27A928C67A4100EB72F4 /* Flix Part 1Tests.xctest */,
				867E27B328C67A4100EB72F4 /* Flix Part 1UITests.xctest */,
			);
			name = Products;
			sourceTree = "<group>";
		};
		867E279528C67A3F00EB72F4 /* Flix Part 1 */ = {
			isa = PBXGroup;
			children = (
				867E279628C67A3F00EB72F4 /* AppDelegate.swift */,
				867E279828C67A3F00EB72F4 /* SceneDelegate.swift */,
				867E279A28C67A3F00EB72F4 /* MoviesViewController.swift */,
				867E279F28C67A4000EB72F4 /* Assets.xcassets */,
				867E279C28C67A3F00EB72F4 /* Main.storyboard */,
				86839CAA28D347F800613BF4 /* ClassicsTrailerView.swift */,
				86839CA428D33E4000613BF4 /* ClassicsDetailsViewController.swift */,
				86839CAC28D3487800613BF4 /* MovieTrailerView.swift */,
				8670E75D28C717C4009708B1 /* MovieCell.swift */,
				867E27A128C67A4000EB72F4 /* LaunchScreen.storyboard */,
				867E27A428C67A4000EB72F4 /* Info.plist */,
				862F49E928D16C1B002D9CA2 /* MovieDetailsViewController.swift */,
				86DEF7CA28D179E000AD3F84 /* MovieGridViewController.swift */,
				86DEF7CE28D184FB00AD3F84 /* MovieGridCell.swift */,
			);
			path = "Flix Part 1";
			sourceTree = "<group>";
		};
		867E27AC28C67A4100EB72F4 /* Flix Part 1Tests */ = {
			isa = PBXGroup;
			children = (
				867E27AD28C67A4100EB72F4 /* Flix_Part_1Tests.swift */,
			);
			path = "Flix Part 1Tests";
			sourceTree = "<group>";
		};
		867E27B628C67A4100EB72F4 /* Flix Part 1UITests */ = {
			isa = PBXGroup;
			children = (
				867E27B728C67A4100EB72F4 /* Flix_Part_1UITests.swift */,
				867E27B928C67A4100EB72F4 /* Flix_Part_1UITestsLaunchTests.swift */,
			);
			path = "Flix Part 1UITests";
			sourceTree = "<group>";
		};
		B22354E4996F485B78626AF3 /* Pods */ = {
			isa = PBXGroup;
			children = (
				BB57093D5051CEFB2799C7FB /* Pods-Flix Part 1.debug.xcconfig */,
				2A987457A44ABADFBD2DF4C0 /* Pods-Flix Part 1.release.xcconfig */,
				D5DABBE76BAECDDBDCB433B5 /* Pods-Flix Part 1-Flix Part 1UITests.debug.xcconfig */,
				DC4735BB9CAB8C7DEE946878 /* Pods-Flix Part 1-Flix Part 1UITests.release.xcconfig */,
				7D3815AC1BCF18A2F6EB1FA3 /* Pods-Flix Part 1Tests.debug.xcconfig */,
				DD9DF20FFD72DCE2FB6CDE93 /* Pods-Flix Part 1Tests.release.xcconfig */,
			);
			path = Pods;
			sourceTree = "<group>";
		};
/* End PBXGroup section */

/* Begin PBXNativeTarget section */
		867E279228C67A3F00EB72F4 /* Flix Part 1 */ = {
			isa = PBXNativeTarget;
			buildConfigurationList = 867E27BD28C67A4100EB72F4 /* Build configuration list for PBXNativeTarget "Flix Part 1" */;
			buildPhases = (
				E2C524BA29D545C46C2FA9EE /* [CP] Check Pods Manifest.lock */,
				867E278F28C67A3F00EB72F4 /* Sources */,
				867E279028C67A3F00EB72F4 /* Frameworks */,
				867E279128C67A3F00EB72F4 /* Resources */,
				6F3EED1743F67CBB4B78FA05 /* [CP] Embed Pods Frameworks */,
			);
			buildRules = (
			);
			dependencies = (
			);
			name = "Flix Part 1";
			packageProductDependencies = (
				8670E76028C71F28009708B1 /* AlamofireImage */,
			);
			productName = "Flix Part 1";
			productReference = 867E279328C67A3F00EB72F4 /* Flix Part 1.app */;
			productType = "com.apple.product-type.application";
		};
		867E27A828C67A4100EB72F4 /* Flix Part 1Tests */ = {
			isa = PBXNativeTarget;
			buildConfigurationList = 867E27C028C67A4100EB72F4 /* Build configuration list for PBXNativeTarget "Flix Part 1Tests" */;
			buildPhases = (
				6E69B43DF70AD213E0CEE94B /* [CP] Check Pods Manifest.lock */,
				867E27A528C67A4100EB72F4 /* Sources */,
				867E27A628C67A4100EB72F4 /* Frameworks */,
				867E27A728C67A4100EB72F4 /* Resources */,
			);
			buildRules = (
			);
			dependencies = (
				867E27AB28C67A4100EB72F4 /* PBXTargetDependency */,
			);
			name = "Flix Part 1Tests";
			productName = "Flix Part 1Tests";
			productReference = 867E27A928C67A4100EB72F4 /* Flix Part 1Tests.xctest */;
			productType = "com.apple.product-type.bundle.unit-test";
		};
		867E27B228C67A4100EB72F4 /* Flix Part 1UITests */ = {
			isa = PBXNativeTarget;
			buildConfigurationList = 867E27C328C67A4100EB72F4 /* Build configuration list for PBXNativeTarget "Flix Part 1UITests" */;
			buildPhases = (
				66FD3A93DF8052AD4F6431A1 /* [CP] Check Pods Manifest.lock */,
				867E27AF28C67A4100EB72F4 /* Sources */,
				867E27B028C67A4100EB72F4 /* Frameworks */,
				867E27B128C67A4100EB72F4 /* Resources */,
				1E20E465B4C6FD02C6EF2572 /* [CP] Embed Pods Frameworks */,
			);
			buildRules = (
			);
			dependencies = (
				867E27B528C67A4100EB72F4 /* PBXTargetDependency */,
			);
			name = "Flix Part 1UITests";
			productName = "Flix Part 1UITests";
			productReference = 867E27B328C67A4100EB72F4 /* Flix Part 1UITests.xctest */;
			productType = "com.apple.product-type.bundle.ui-testing";
		};
/* End PBXNativeTarget section */

/* Begin PBXProject section */
		867E278B28C67A3F00EB72F4 /* Project object */ = {
			isa = PBXProject;
			attributes = {
				BuildIndependentTargetsInParallel = 1;
				LastSwiftUpdateCheck = 1400;
				LastUpgradeCheck = 1400;
				TargetAttributes = {
					867E279228C67A3F00EB72F4 = {
						CreatedOnToolsVersion = 14.0;
					};
					867E27A828C67A4100EB72F4 = {
						CreatedOnToolsVersion = 14.0;
						TestTargetID = 867E279228C67A3F00EB72F4;
					};
					867E27B228C67A4100EB72F4 = {
						CreatedOnToolsVersion = 14.0;
						TestTargetID = 867E279228C67A3F00EB72F4;
					};
				};
			};
			buildConfigurationList = 867E278E28C67A3F00EB72F4 /* Build configuration list for PBXProject "Flix Part 1" */;
			compatibilityVersion = "Xcode 14.0";
			developmentRegion = en;
			hasScannedForEncodings = 0;
			knownRegions = (
				en,
				Base,
			);
			mainGroup = 867E278A28C67A3F00EB72F4;
			packageReferences = (
				8670E75F28C71F28009708B1 /* XCRemoteSwiftPackageReference "AlamofireImage" */,
			);
			productRefGroup = 867E279428C67A3F00EB72F4 /* Products */;
			projectDirPath = "";
			projectRoot = "";
			targets = (
				867E279228C67A3F00EB72F4 /* Flix Part 1 */,
				867E27A828C67A4100EB72F4 /* Flix Part 1Tests */,
				867E27B228C67A4100EB72F4 /* Flix Part 1UITests */,
			);
		};
/* End PBXProject section */

/* Begin PBXResourcesBuildPhase section */
		867E279128C67A3F00EB72F4 /* Resources */ = {
			isa = PBXResourcesBuildPhase;
			buildActionMask = 2147483647;
			files = (
				867E27A328C67A4000EB72F4 /* LaunchScreen.storyboard in Resources */,
				867E27A028C67A4000EB72F4 /* Assets.xcassets in Resources */,
				867E279E28C67A3F00EB72F4 /* Main.storyboard in Resources */,
			);
			runOnlyForDeploymentPostprocessing = 0;
		};
		867E27A728C67A4100EB72F4 /* Resources */ = {
			isa = PBXResourcesBuildPhase;
			buildActionMask = 2147483647;
			files = (
			);
			runOnlyForDeploymentPostprocessing = 0;
		};
		867E27B128C67A4100EB72F4 /* Resources */ = {
			isa = PBXResourcesBuildPhase;
			buildActionMask = 2147483647;
			files = (
			);
			runOnlyForDeploymentPostprocessing = 0;
		};
/* End PBXResourcesBuildPhase section */

/* Begin PBXShellScriptBuildPhase section */
		1E20E465B4C6FD02C6EF2572 /* [CP] Embed Pods Frameworks */ = {
			isa = PBXShellScriptBuildPhase;
			buildActionMask = 2147483647;
			files = (
			);
			inputFileListPaths = (
				"${PODS_ROOT}/Target Support Files/Pods-Flix Part 1-Flix Part 1UITests/Pods-Flix Part 1-Flix Part 1UITests-frameworks-${CONFIGURATION}-input-files.xcfilelist",
			);
			name = "[CP] Embed Pods Frameworks";
			outputFileListPaths = (
				"${PODS_ROOT}/Target Support Files/Pods-Flix Part 1-Flix Part 1UITests/Pods-Flix Part 1-Flix Part 1UITests-frameworks-${CONFIGURATION}-output-files.xcfilelist",
			);
			runOnlyForDeploymentPostprocessing = 0;
			shellPath = /bin/sh;
			shellScript = "\"${PODS_ROOT}/Target Support Files/Pods-Flix Part 1-Flix Part 1UITests/Pods-Flix Part 1-Flix Part 1UITests-frameworks.sh\"\n";
			showEnvVarsInLog = 0;
		};
		66FD3A93DF8052AD4F6431A1 /* [CP] Check Pods Manifest.lock */ = {
			isa = PBXShellScriptBuildPhase;
			buildActionMask = 2147483647;
			files = (
			);
			inputFileListPaths = (
			);
			inputPaths = (
				"${PODS_PODFILE_DIR_PATH}/Podfile.lock",
				"${PODS_ROOT}/Manifest.lock",
			);
			name = "[CP] Check Pods Manifest.lock";
			outputFileListPaths = (
			);
			outputPaths = (
				"$(DERIVED_FILE_DIR)/Pods-Flix Part 1-Flix Part 1UITests-checkManifestLockResult.txt",
			);
			runOnlyForDeploymentPostprocessing = 0;
			shellPath = /bin/sh;
			shellScript = "diff \"${PODS_PODFILE_DIR_PATH}/Podfile.lock\" \"${PODS_ROOT}/Manifest.lock\" > /dev/null\nif [ $? != 0 ] ; then\n    # print error to STDERR\n    echo \"error: The sandbox is not in sync with the Podfile.lock. Run 'pod install' or update your CocoaPods installation.\" >&2\n    exit 1\nfi\n# This output is used by Xcode 'outputs' to avoid re-running this script phase.\necho \"SUCCESS\" > \"${SCRIPT_OUTPUT_FILE_0}\"\n";
			showEnvVarsInLog = 0;
		};
		6E69B43DF70AD213E0CEE94B /* [CP] Check Pods Manifest.lock */ = {
			isa = PBXShellScriptBuildPhase;
			buildActionMask = 2147483647;
			files = (
			);
			inputFileListPaths = (
			);
			inputPaths = (
				"${PODS_PODFILE_DIR_PATH}/Podfile.lock",
				"${PODS_ROOT}/Manifest.lock",
			);
			name = "[CP] Check Pods Manifest.lock";
			outputFileListPaths = (
			);
			outputPaths = (
				"$(DERIVED_FILE_DIR)/Pods-Flix Part 1Tests-checkManifestLockResult.txt",
			);
			runOnlyForDeploymentPostprocessing = 0;
			shellPath = /bin/sh;
			shellScript = "diff \"${PODS_PODFILE_DIR_PATH}/Podfile.lock\" \"${PODS_ROOT}/Manifest.lock\" > /dev/null\nif [ $? != 0 ] ; then\n    # print error to STDERR\n    echo \"error: The sandbox is not in sync with the Podfile.lock. Run 'pod install' or update your CocoaPods installation.\" >&2\n    exit 1\nfi\n# This output is used by Xcode 'outputs' to avoid re-running this script phase.\necho \"SUCCESS\" > \"${SCRIPT_OUTPUT_FILE_0}\"\n";
			showEnvVarsInLog = 0;
		};
		6F3EED1743F67CBB4B78FA05 /* [CP] Embed Pods Frameworks */ = {
			isa = PBXShellScriptBuildPhase;
			buildActionMask = 2147483647;
			files = (
			);
			inputFileListPaths = (
				"${PODS_ROOT}/Target Support Files/Pods-Flix Part 1/Pods-Flix Part 1-frameworks-${CONFIGURATION}-input-files.xcfilelist",
			);
			name = "[CP] Embed Pods Frameworks";
			outputFileListPaths = (
				"${PODS_ROOT}/Target Support Files/Pods-Flix Part 1/Pods-Flix Part 1-frameworks-${CONFIGURATION}-output-files.xcfilelist",
			);
			runOnlyForDeploymentPostprocessing = 0;
			shellPath = /bin/sh;
			shellScript = "\"${PODS_ROOT}/Target Support Files/Pods-Flix Part 1/Pods-Flix Part 1-frameworks.sh\"\n";
			showEnvVarsInLog = 0;
		};
		E2C524BA29D545C46C2FA9EE /* [CP] Check Pods Manifest.lock */ = {
			isa = PBXShellScriptBuildPhase;
			buildActionMask = 2147483647;
			files = (
			);
			inputFileListPaths = (
			);
			inputPaths = (
				"${PODS_PODFILE_DIR_PATH}/Podfile.lock",
				"${PODS_ROOT}/Manifest.lock",
			);
			name = "[CP] Check Pods Manifest.lock";
			outputFileListPaths = (
			);
			outputPaths = (
				"$(DERIVED_FILE_DIR)/Pods-Flix Part 1-checkManifestLockResult.txt",
			);
			runOnlyForDeploymentPostprocessing = 0;
			shellPath = /bin/sh;
			shellScript = "diff \"${PODS_PODFILE_DIR_PATH}/Podfile.lock\" \"${PODS_ROOT}/Manifest.lock\" > /dev/null\nif [ $? != 0 ] ; then\n    # print error to STDERR\n    echo \"error: The sandbox is not in sync with the Podfile.lock. Run 'pod install' or update your CocoaPods installation.\" >&2\n    exit 1\nfi\n# This output is used by Xcode 'outputs' to avoid re-running this script phase.\necho \"SUCCESS\" > \"${SCRIPT_OUTPUT_FILE_0}\"\n";
			showEnvVarsInLog = 0;
		};
/* End PBXShellScriptBuildPhase section */

/* Begin PBXSourcesBuildPhase section */
		867E278F28C67A3F00EB72F4 /* Sources */ = {
			isa = PBXSourcesBuildPhase;
			buildActionMask = 2147483647;
			files = (
				86839CA528D33E4000613BF4 /* ClassicsDetailsViewController.swift in Sources */,
				862F49EA28D16C1B002D9CA2 /* MovieDetailsViewController.swift in Sources */,
				867E279B28C67A3F00EB72F4 /* MoviesViewController.swift in Sources */,
				867E279728C67A3F00EB72F4 /* AppDelegate.swift in Sources */,
				8670E75E28C717C4009708B1 /* MovieCell.swift in Sources */,
				867E279928C67A3F00EB72F4 /* SceneDelegate.swift in Sources */,
				86839CAB28D347F800613BF4 /* ClassicsTrailerView.swift in Sources */,
				86DEF7CB28D179E000AD3F84 /* MovieGridViewController.swift in Sources */,
				86DEF7CF28D184FB00AD3F84 /* MovieGridCell.swift in Sources */,
				86839CAD28D3487800613BF4 /* MovieTrailerView.swift in Sources */,
			);
			runOnlyForDeploymentPostprocessing = 0;
		};
		867E27A528C67A4100EB72F4 /* Sources */ = {
			isa = PBXSourcesBuildPhase;
			buildActionMask = 2147483647;
			files = (
				867E27AE28C67A4100EB72F4 /* Flix_Part_1Tests.swift in Sources */,
			);
			runOnlyForDeploymentPostprocessing = 0;
		};
		867E27AF28C67A4100EB72F4 /* Sources */ = {
			isa = PBXSourcesBuildPhase;
			buildActionMask = 2147483647;
			files = (
				867E27BA28C67A4100EB72F4 /* Flix_Part_1UITestsLaunchTests.swift in Sources */,
				867E27B828C67A4100EB72F4 /* Flix_Part_1UITests.swift in Sources */,
			);
			runOnlyForDeploymentPostprocessing = 0;
		};
/* End PBXSourcesBuildPhase section */

/* Begin PBXTargetDependency section */
		867E27AB28C67A4100EB72F4 /* PBXTargetDependency */ = {
			isa = PBXTargetDependency;
			target = 867E279228C67A3F00EB72F4 /* Flix Part 1 */;
			targetProxy = 867E27AA28C67A4100EB72F4 /* PBXContainerItemProxy */;
		};
		867E27B528C67A4100EB72F4 /* PBXTargetDependency */ = {
			isa = PBXTargetDependency;
			target = 867E279228C67A3F00EB72F4 /* Flix Part 1 */;
			targetProxy = 867E27B428C67A4100EB72F4 /* PBXContainerItemProxy */;
		};
/* End PBXTargetDependency section */

/* Begin PBXVariantGroup section */
		867E279C28C67A3F00EB72F4 /* Main.storyboard */ = {
			isa = PBXVariantGroup;
			children = (
				867E279D28C67A3F00EB72F4 /* Base */,
			);
			name = Main.storyboard;
			sourceTree = "<group>";
		};
		867E27A128C67A4000EB72F4 /* LaunchScreen.storyboard */ = {
			isa = PBXVariantGroup;
			children = (
				867E27A228C67A4000EB72F4 /* Base */,
			);
			name = LaunchScreen.storyboard;
			sourceTree = "<group>";
		};
/* End PBXVariantGroup section */

/* Begin XCBuildConfiguration section */
		867E27BB28C67A4100EB72F4 /* Debug */ = {
			isa = XCBuildConfiguration;
			buildSettings = {
				ALWAYS_SEARCH_USER_PATHS = NO;
				CLANG_ANALYZER_NONNULL = YES;
				CLANG_ANALYZER_NUMBER_OBJECT_CONVERSION = YES_AGGRESSIVE;
				CLANG_CXX_LANGUAGE_STANDARD = "gnu++20";
				CLANG_ENABLE_MODULES = YES;
				CLANG_ENABLE_OBJC_ARC = YES;
				CLANG_ENABLE_OBJC_WEAK = YES;
				CLANG_WARN_BLOCK_CAPTURE_AUTORELEASING = YES;
				CLANG_WARN_BOOL_CONVERSION = YES;
				CLANG_WARN_COMMA = YES;
				CLANG_WARN_CONSTANT_CONVERSION = YES;
				CLANG_WARN_DEPRECATED_OBJC_IMPLEMENTATIONS = YES;
				CLANG_WARN_DIRECT_OBJC_ISA_USAGE = YES_ERROR;
				CLANG_WARN_DOCUMENTATION_COMMENTS = YES;
				CLANG_WARN_EMPTY_BODY = YES;
				CLANG_WARN_ENUM_CONVERSION = YES;
				CLANG_WARN_INFINITE_RECURSION = YES;
				CLANG_WARN_INT_CONVERSION = YES;
				CLANG_WARN_NON_LITERAL_NULL_CONVERSION = YES;
				CLANG_WARN_OBJC_IMPLICIT_RETAIN_SELF = YES;
				CLANG_WARN_OBJC_LITERAL_CONVERSION = YES;
				CLANG_WARN_OBJC_ROOT_CLASS = YES_ERROR;
				CLANG_WARN_QUOTED_INCLUDE_IN_FRAMEWORK_HEADER = YES;
				CLANG_WARN_RANGE_LOOP_ANALYSIS = YES;
				CLANG_WARN_STRICT_PROTOTYPES = YES;
				CLANG_WARN_SUSPICIOUS_MOVE = YES;
				CLANG_WARN_UNGUARDED_AVAILABILITY = YES_AGGRESSIVE;
				CLANG_WARN_UNREACHABLE_CODE = YES;
				CLANG_WARN__DUPLICATE_METHOD_MATCH = YES;
				COPY_PHASE_STRIP = NO;
				DEBUG_INFORMATION_FORMAT = dwarf;
				ENABLE_STRICT_OBJC_MSGSEND = YES;
				ENABLE_TESTABILITY = YES;
				GCC_C_LANGUAGE_STANDARD = gnu11;
				GCC_DYNAMIC_NO_PIC = NO;
				GCC_NO_COMMON_BLOCKS = YES;
				GCC_OPTIMIZATION_LEVEL = 0;
				GCC_PREPROCESSOR_DEFINITIONS = (
					"DEBUG=1",
					"$(inherited)",
				);
				GCC_WARN_64_TO_32_BIT_CONVERSION = YES;
				GCC_WARN_ABOUT_RETURN_TYPE = YES_ERROR;
				GCC_WARN_UNDECLARED_SELECTOR = YES;
				GCC_WARN_UNINITIALIZED_AUTOS = YES_AGGRESSIVE;
				GCC_WARN_UNUSED_FUNCTION = YES;
				GCC_WARN_UNUSED_VARIABLE = YES;
				IPHONEOS_DEPLOYMENT_TARGET = 16.0;
				MTL_ENABLE_DEBUG_INFO = INCLUDE_SOURCE;
				MTL_FAST_MATH = YES;
				ONLY_ACTIVE_ARCH = YES;
				SDKROOT = iphoneos;
				SWIFT_ACTIVE_COMPILATION_CONDITIONS = DEBUG;
				SWIFT_OPTIMIZATION_LEVEL = "-Onone";
			};
			name = Debug;
		};
		867E27BC28C67A4100EB72F4 /* Release */ = {
			isa = XCBuildConfiguration;
			buildSettings = {
				ALWAYS_SEARCH_USER_PATHS = NO;
				CLANG_ANALYZER_NONNULL = YES;
				CLANG_ANALYZER_NUMBER_OBJECT_CONVERSION = YES_AGGRESSIVE;
				CLANG_CXX_LANGUAGE_STANDARD = "gnu++20";
				CLANG_ENABLE_MODULES = YES;
				CLANG_ENABLE_OBJC_ARC = YES;
				CLANG_ENABLE_OBJC_WEAK = YES;
				CLANG_WARN_BLOCK_CAPTURE_AUTORELEASING = YES;
				CLANG_WARN_BOOL_CONVERSION = YES;
				CLANG_WARN_COMMA = YES;
				CLANG_WARN_CONSTANT_CONVERSION = YES;
				CLANG_WARN_DEPRECATED_OBJC_IMPLEMENTATIONS = YES;
				CLANG_WARN_DIRECT_OBJC_ISA_USAGE = YES_ERROR;
				CLANG_WARN_DOCUMENTATION_COMMENTS = YES;
				CLANG_WARN_EMPTY_BODY = YES;
				CLANG_WARN_ENUM_CONVERSION = YES;
				CLANG_WARN_INFINITE_RECURSION = YES;
				CLANG_WARN_INT_CONVERSION = YES;
				CLANG_WARN_NON_LITERAL_NULL_CONVERSION = YES;
				CLANG_WARN_OBJC_IMPLICIT_RETAIN_SELF = YES;
				CLANG_WARN_OBJC_LITERAL_CONVERSION = YES;
				CLANG_WARN_OBJC_ROOT_CLASS = YES_ERROR;
				CLANG_WARN_QUOTED_INCLUDE_IN_FRAMEWORK_HEADER = YES;
				CLANG_WARN_RANGE_LOOP_ANALYSIS = YES;
				CLANG_WARN_STRICT_PROTOTYPES = YES;
				CLANG_WARN_SUSPICIOUS_MOVE = YES;
				CLANG_WARN_UNGUARDED_AVAILABILITY = YES_AGGRESSIVE;
				CLANG_WARN_UNREACHABLE_CODE = YES;
				CLANG_WARN__DUPLICATE_METHOD_MATCH = YES;
				COPY_PHASE_STRIP = NO;
				DEBUG_INFORMATION_FORMAT = "dwarf-with-dsym";
				ENABLE_NS_ASSERTIONS = NO;
				ENABLE_STRICT_OBJC_MSGSEND = YES;
				GCC_C_LANGUAGE_STANDARD = gnu11;
				GCC_NO_COMMON_BLOCKS = YES;
				GCC_WARN_64_TO_32_BIT_CONVERSION = YES;
				GCC_WARN_ABOUT_RETURN_TYPE = YES_ERROR;
				GCC_WARN_UNDECLARED_SELECTOR = YES;
				GCC_WARN_UNINITIALIZED_AUTOS = YES_AGGRESSIVE;
				GCC_WARN_UNUSED_FUNCTION = YES;
				GCC_WARN_UNUSED_VARIABLE = YES;
				IPHONEOS_DEPLOYMENT_TARGET = 16.0;
				MTL_ENABLE_DEBUG_INFO = NO;
				MTL_FAST_MATH = YES;
				SDKROOT = iphoneos;
				SWIFT_COMPILATION_MODE = wholemodule;
				SWIFT_OPTIMIZATION_LEVEL = "-O";
				VALIDATE_PRODUCT = YES;
			};
			name = Release;
		};
		867E27BE28C67A4100EB72F4 /* Debug */ = {
			isa = XCBuildConfiguration;
			baseConfigurationReference = BB57093D5051CEFB2799C7FB /* Pods-Flix Part 1.debug.xcconfig */;
			buildSettings = {
				ASSETCATALOG_COMPILER_APPICON_NAME = AppIcon;
				ASSETCATALOG_COMPILER_GLOBAL_ACCENT_COLOR_NAME = AccentColor;
				CODE_SIGN_STYLE = Automatic;
				CURRENT_PROJECT_VERSION = 1;
				GENERATE_INFOPLIST_FILE = YES;
				INFOPLIST_FILE = "Flix Part 1/Info.plist";
				INFOPLIST_KEY_UIApplicationSupportsIndirectInputEvents = YES;
				INFOPLIST_KEY_UILaunchStoryboardName = LaunchScreen;
				INFOPLIST_KEY_UIMainStoryboardFile = Main;
				INFOPLIST_KEY_UISupportedInterfaceOrientations_iPad = "UIInterfaceOrientationPortrait UIInterfaceOrientationPortraitUpsideDown UIInterfaceOrientationLandscapeLeft UIInterfaceOrientationLandscapeRight";
				INFOPLIST_KEY_UISupportedInterfaceOrientations_iPhone = "UIInterfaceOrientationPortrait UIInterfaceOrientationLandscapeLeft UIInterfaceOrientationLandscapeRight";
				LD_RUNPATH_SEARCH_PATHS = (
					"$(inherited)",
					"@executable_path/Frameworks",
				);
				MARKETING_VERSION = 1.0;
				PRODUCT_BUNDLE_IDENTIFIER = "codepath.Flix-Part-1";
				PRODUCT_NAME = "$(TARGET_NAME)";
				SWIFT_EMIT_LOC_STRINGS = YES;
				SWIFT_VERSION = 5.0;
				TARGETED_DEVICE_FAMILY = "1,2";
			};
			name = Debug;
		};
		867E27BF28C67A4100EB72F4 /* Release */ = {
			isa = XCBuildConfiguration;
			baseConfigurationReference = 2A987457A44ABADFBD2DF4C0 /* Pods-Flix Part 1.release.xcconfig */;
			buildSettings = {
				ASSETCATALOG_COMPILER_APPICON_NAME = AppIcon;
				ASSETCATALOG_COMPILER_GLOBAL_ACCENT_COLOR_NAME = AccentColor;
				CODE_SIGN_STYLE = Automatic;
				CURRENT_PROJECT_VERSION = 1;
				GENERATE_INFOPLIST_FILE = YES;
				INFOPLIST_FILE = "Flix Part 1/Info.plist";
				INFOPLIST_KEY_UIApplicationSupportsIndirectInputEvents = YES;
				INFOPLIST_KEY_UILaunchStoryboardName = LaunchScreen;
				INFOPLIST_KEY_UIMainStoryboardFile = Main;
				INFOPLIST_KEY_UISupportedInterfaceOrientations_iPad = "UIInterfaceOrientationPortrait UIInterfaceOrientationPortraitUpsideDown UIInterfaceOrientationLandscapeLeft UIInterfaceOrientationLandscapeRight";
				INFOPLIST_KEY_UISupportedInterfaceOrientations_iPhone = "UIInterfaceOrientationPortrait UIInterfaceOrientationLandscapeLeft UIInterfaceOrientationLandscapeRight";
				LD_RUNPATH_SEARCH_PATHS = (
					"$(inherited)",
					"@executable_path/Frameworks",
				);
				MARKETING_VERSION = 1.0;
				PRODUCT_BUNDLE_IDENTIFIER = "codepath.Flix-Part-1";
				PRODUCT_NAME = "$(TARGET_NAME)";
				SWIFT_EMIT_LOC_STRINGS = YES;
				SWIFT_VERSION = 5.0;
				TARGETED_DEVICE_FAMILY = "1,2";
			};
			name = Release;
		};
		867E27C128C67A4100EB72F4 /* Debug */ = {
			isa = XCBuildConfiguration;
			baseConfigurationReference = 7D3815AC1BCF18A2F6EB1FA3 /* Pods-Flix Part 1Tests.debug.xcconfig */;
			buildSettings = {
				ALWAYS_EMBED_SWIFT_STANDARD_LIBRARIES = YES;
				BUNDLE_LOADER = "$(TEST_HOST)";
				CODE_SIGN_STYLE = Automatic;
				CURRENT_PROJECT_VERSION = 1;
				GENERATE_INFOPLIST_FILE = YES;
				IPHONEOS_DEPLOYMENT_TARGET = 16.0;
				MARKETING_VERSION = 1.0;
				PRODUCT_BUNDLE_IDENTIFIER = "codepath.Flix-Part-1Tests";
				PRODUCT_NAME = "$(TARGET_NAME)";
				SWIFT_EMIT_LOC_STRINGS = NO;
				SWIFT_VERSION = 5.0;
				TARGETED_DEVICE_FAMILY = "1,2";
				TEST_HOST = "$(BUILT_PRODUCTS_DIR)/Flix Part 1.app/$(BUNDLE_EXECUTABLE_FOLDER_PATH)/Flix Part 1";
			};
			name = Debug;
		};
		867E27C228C67A4100EB72F4 /* Release */ = {
			isa = XCBuildConfiguration;
			baseConfigurationReference = DD9DF20FFD72DCE2FB6CDE93 /* Pods-Flix Part 1Tests.release.xcconfig */;
			buildSettings = {
				ALWAYS_EMBED_SWIFT_STANDARD_LIBRARIES = YES;
				BUNDLE_LOADER = "$(TEST_HOST)";
				CODE_SIGN_STYLE = Automatic;
				CURRENT_PROJECT_VERSION = 1;
				GENERATE_INFOPLIST_FILE = YES;
				IPHONEOS_DEPLOYMENT_TARGET = 16.0;
				MARKETING_VERSION = 1.0;
				PRODUCT_BUNDLE_IDENTIFIER = "codepath.Flix-Part-1Tests";
				PRODUCT_NAME = "$(TARGET_NAME)";
				SWIFT_EMIT_LOC_STRINGS = NO;
				SWIFT_VERSION = 5.0;
				TARGETED_DEVICE_FAMILY = "1,2";
				TEST_HOST = "$(BUILT_PRODUCTS_DIR)/Flix Part 1.app/$(BUNDLE_EXECUTABLE_FOLDER_PATH)/Flix Part 1";
			};
			name = Release;
		};
		867E27C428C67A4100EB72F4 /* Debug */ = {
			isa = XCBuildConfiguration;
			baseConfigurationReference = D5DABBE76BAECDDBDCB433B5 /* Pods-Flix Part 1-Flix Part 1UITests.debug.xcconfig */;
			buildSettings = {
				ALWAYS_EMBED_SWIFT_STANDARD_LIBRARIES = YES;
				CODE_SIGN_STYLE = Automatic;
				CURRENT_PROJECT_VERSION = 1;
				GENERATE_INFOPLIST_FILE = YES;
				MARKETING_VERSION = 1.0;
				PRODUCT_BUNDLE_IDENTIFIER = "codepath.Flix-Part-1UITests";
				PRODUCT_NAME = "$(TARGET_NAME)";
				SWIFT_EMIT_LOC_STRINGS = NO;
				SWIFT_VERSION = 5.0;
				TARGETED_DEVICE_FAMILY = "1,2";
				TEST_TARGET_NAME = "Flix Part 1";
			};
			name = Debug;
		};
		867E27C528C67A4100EB72F4 /* Release */ = {
			isa = XCBuildConfiguration;
			baseConfigurationReference = DC4735BB9CAB8C7DEE946878 /* Pods-Flix Part 1-Flix Part 1UITests.release.xcconfig */;
			buildSettings = {
				ALWAYS_EMBED_SWIFT_STANDARD_LIBRARIES = YES;
				CODE_SIGN_STYLE = Automatic;
				CURRENT_PROJECT_VERSION = 1;
				GENERATE_INFOPLIST_FILE = YES;
				MARKETING_VERSION = 1.0;
				PRODUCT_BUNDLE_IDENTIFIER = "codepath.Flix-Part-1UITests";
				PRODUCT_NAME = "$(TARGET_NAME)";
				SWIFT_EMIT_LOC_STRINGS = NO;
				SWIFT_VERSION = 5.0;
				TARGETED_DEVICE_FAMILY = "1,2";
				TEST_TARGET_NAME = "Flix Part 1";
			};
			name = Release;
		};
/* End XCBuildConfiguration section */

/* Begin XCConfigurationList section */
		867E278E28C67A3F00EB72F4 /* Build configuration list for PBXProject "Flix Part 1" */ = {
			isa = XCConfigurationList;
			buildConfigurations = (
				867E27BB28C67A4100EB72F4 /* Debug */,
				867E27BC28C67A4100EB72F4 /* Release */,
			);
			defaultConfigurationIsVisible = 0;
			defaultConfigurationName = Release;
		};
		867E27BD28C67A4100EB72F4 /* Build configuration list for PBXNativeTarget "Flix Part 1" */ = {
			isa = XCConfigurationList;
			buildConfigurations = (
				867E27BE28C67A4100EB72F4 /* Debug */,
				867E27BF28C67A4100EB72F4 /* Release */,
			);
			defaultConfigurationIsVisible = 0;
			defaultConfigurationName = Release;
		};
		867E27C028C67A4100EB72F4 /* Build configuration list for PBXNativeTarget "Flix Part 1Tests" */ = {
			isa = XCConfigurationList;
			buildConfigurations = (
				867E27C128C67A4100EB72F4 /* Debug */,
				867E27C228C67A4100EB72F4 /* Release */,
			);
			defaultConfigurationIsVisible = 0;
			defaultConfigurationName = Release;
		};
		867E27C328C67A4100EB72F4 /* Build configuration list for PBXNativeTarget "Flix Part 1UITests" */ = {
			isa = XCConfigurationList;
			buildConfigurations = (
				867E27C428C67A4100EB72F4 /* Debug */,
				867E27C528C67A4100EB72F4 /* Release */,
			);
			defaultConfigurationIsVisible = 0;
			defaultConfigurationName = Release;
		};
/* End XCConfigurationList section */

/* Begin XCRemoteSwiftPackageReference section */
		8670E75F28C71F28009708B1 /* XCRemoteSwiftPackageReference "AlamofireImage" */ = {
			isa = XCRemoteSwiftPackageReference;
			repositoryURL = "https://github.com/Alamofire/AlamofireImage";
			requirement = {
				kind = upToNextMajorVersion;
				minimumVersion = 4.0.0;
			};
		};
/* End XCRemoteSwiftPackageReference section */

/* Begin XCSwiftPackageProductDependency section */
		8670E76028C71F28009708B1 /* AlamofireImage */ = {
			isa = XCSwiftPackageProductDependency;
			package = 8670E75F28C71F28009708B1 /* XCRemoteSwiftPackageReference "AlamofireImage" */;
			productName = AlamofireImage;
		};
/* End XCSwiftPackageProductDependency section */
	};
	rootObject = 867E278B28C67A3F00EB72F4 /* Project object */;
}
